
Microsoft Visual Studio Solution File, Format Version 12.00
# Visual Studio Version 16
VisualStudioVersion = 16.0.30717.126
MinimumVisualStudioVersion = 10.0.40219.1
Project("{FAE04EC0-301F-11D3-BF4B-00C04F79EFBC}") = "ProjectTest1", "ProjectTest1\ProjectTest1.csproj", "{09249E4D-5C4B-4E6F-8B36-B235A383B96A}"
EndProject
Global
	GlobalSection(SolutionConfigurationPlatforms) = preSolution
		Debug|Any CPU = Debug|Any CPU
		Release|Any CPU = Release|Any CPU
	EndGlobalSection
	GlobalSection(ProjectConfigurationPlatforms) = postSolution
		{09249E4D-5C4B-4E6F-8B36-B235A383B96A}.Debug|Any CPU.ActiveCfg = Debug|Any CPU
		{09249E4D-5C4B-4E6F-8B36-B235A383B96A}.Debug|Any CPU.Build.0 = Debug|Any CPU
		{09249E4D-5C4B-4E6F-8B36-B235A383B96A}.Release|Any CPU.ActiveCfg = Release|Any CPU
		{09249E4D-5C4B-4E6F-8B36-B235A383B96A}.Release|Any CPU.Build.0 = Release|Any CPU
	EndGlobalSection
	GlobalSection(SolutionProperties) = preSolution
		HideSolutionNode = FALSE
	EndGlobalSection
	GlobalSection(ExtensibilityGlobals) = postSolution
		SolutionGuid = {1284793F-10EF-4586-9418-D1F9D60B9DCB}
	EndGlobalSection
EndGlobal
